
Microsoft Visual Studio Solution File, Format Version 12.00
# Visual Studio 15
VisualStudioVersion = 15.0.28307.902
MinimumVisualStudioVersion = 10.0.40219.1
Project("{FAE04EC0-301F-11D3-BF4B-00C04F79EFBC}") = "Split_Button_Data_Binding", "Split_Button_Data_Binding\Split_Button_Data_Binding.csproj", "{C076168A-A29F-47E4-AB75-E39DD851CE10}"
EndProject
Global
	GlobalSection(SolutionConfigurationPlatforms) = preSolution
		Debug|Any CPU = Debug|Any CPU
		Release|Any CPU = Release|Any CPU
	EndGlobalSection
	GlobalSection(ProjectConfigurationPlatforms) = postSolution
		{C076168A-A29F-47E4-AB75-E39DD851CE10}.Debug|Any CPU.ActiveCfg = Debug|Any CPU
		{C076168A-A29F-47E4-AB75-E39DD851CE10}.Debug|Any CPU.Build.0 = Debug|Any CPU
		{C076168A-A29F-47E4-AB75-E39DD851CE10}.Release|Any CPU.ActiveCfg = Release|Any CPU
		{C076168A-A29F-47E4-AB75-E39DD851CE10}.Release|Any CPU.Build.0 = Release|Any CPU
	EndGlobalSection
	GlobalSection(SolutionProperties) = preSolution
		HideSolutionNode = FALSE
	EndGlobalSection
	GlobalSection(ExtensibilityGlobals) = postSolution
		SolutionGuid = {78877074-32E6-45C6-9CE1-E906297A2003}
	EndGlobalSection
EndGlobal
