
Microsoft Visual Studio Solution File, Format Version 12.00
# Visual Studio 15
VisualStudioVersion = 15.0.28307.902
MinimumVisualStudioVersion = 10.0.40219.1
Project("{FAE04EC0-301F-11D3-BF4B-00C04F79EFBC}") = "Split_Button_Menuitems", "Split_Button_Add_Menuitem\Split_Button_Menuitems.csproj", "{BFEBD1A2-9878-44FC-963B-E673B4B9967D}"
EndProject
Global
	GlobalSection(SolutionConfigurationPlatforms) = preSolution
		Debug|Any CPU = Debug|Any CPU
		Release|Any CPU = Release|Any CPU
	EndGlobalSection
	GlobalSection(ProjectConfigurationPlatforms) = postSolution
		{BFEBD1A2-9878-44FC-963B-E673B4B9967D}.Debug|Any CPU.ActiveCfg = Debug|Any CPU
		{BFEBD1A2-9878-44FC-963B-E673B4B9967D}.Debug|Any CPU.Build.0 = Debug|Any CPU
		{BFEBD1A2-9878-44FC-963B-E673B4B9967D}.Release|Any CPU.ActiveCfg = Release|Any CPU
		{BFEBD1A2-9878-44FC-963B-E673B4B9967D}.Release|Any CPU.Build.0 = Release|Any CPU
	EndGlobalSection
	GlobalSection(SolutionProperties) = preSolution
		HideSolutionNode = FALSE
	EndGlobalSection
	GlobalSection(ExtensibilityGlobals) = postSolution
		SolutionGuid = {94812E13-698E-4C92-B136-94B992B6C886}
	EndGlobalSection
EndGlobal
